{
  "requires": true,
  "lockfileVersion": 1,
  "dependencies": {
    "crypto-js": {
      "version": "3.1.9-1",
      "resolved": "https://registry.npmjs.org/crypto-js/-/crypto-js-3.1.9-1.tgz",
      "integrity": "sha1-/aGedh/Ad+Af+/3G6f38WeiAbNg="
    },
    "react-s3": {
      "version": "1.2.3",
      "resolved": "https://registry.npmjs.org/react-s3/-/react-s3-1.2.3.tgz",
      "integrity": "sha512-UbHyGMJbtvCrr97Qij7leUqqGtrbf8f8nNUMk4tfkX8hEZvc5izz0/7Hf0a+n2Q3nER1W8TJYi3d6Eok89eW2g==",
      "requires": {
        "crypto-js": "3.1.9-1"
      }
    }
  }
}
